
Microsoft Visual Studio Solution File, Format Version 12.00
# Visual Studio Version 17
VisualStudioVersion = 17.0.31903.59
MinimumVisualStudioVersion = 10.0.40219.1
Project("{FAE04EC0-301F-11D3-BF4B-00C04F79EFBC}") = "Shape3D", "Shape3D\Shape3D.csproj", "{CEF99F34-2231-4053-A621-5274508A538D}"
EndProject
Project("{FAE04EC0-301F-11D3-BF4B-00C04F79EFBC}") = "Shape3D.Tests", "Shape3D.Tests\Shape3D.Tests.csproj", "{1D629FAC-1943-45CB-B22F-A43B8BF914AC}"
EndProject
Global
	GlobalSection(SolutionConfigurationPlatforms) = preSolution
		Debug|Any CPU = Debug|Any CPU
		Release|Any CPU = Release|Any CPU
	EndGlobalSection
	GlobalSection(SolutionProperties) = preSolution
		HideSolutionNode = FALSE
	EndGlobalSection
	GlobalSection(ProjectConfigurationPlatforms) = postSolution
		{CEF99F34-2231-4053-A621-5274508A538D}.Debug|Any CPU.ActiveCfg = Debug|Any CPU
		{CEF99F34-2231-4053-A621-5274508A538D}.Debug|Any CPU.Build.0 = Debug|Any CPU
		{CEF99F34-2231-4053-A621-5274508A538D}.Release|Any CPU.ActiveCfg = Release|Any CPU
		{CEF99F34-2231-4053-A621-5274508A538D}.Release|Any CPU.Build.0 = Release|Any CPU
		{1D629FAC-1943-45CB-B22F-A43B8BF914AC}.Debug|Any CPU.ActiveCfg = Debug|Any CPU
		{1D629FAC-1943-45CB-B22F-A43B8BF914AC}.Debug|Any CPU.Build.0 = Debug|Any CPU
		{1D629FAC-1943-45CB-B22F-A43B8BF914AC}.Release|Any CPU.ActiveCfg = Release|Any CPU
		{1D629FAC-1943-45CB-B22F-A43B8BF914AC}.Release|Any CPU.Build.0 = Release|Any CPU
	EndGlobalSection
EndGlobal
